
Microsoft Visual Studio Solution File, Format Version 12.00
# Visual Studio Version 17
VisualStudioVersion = 17.11.35303.130
MinimumVisualStudioVersion = 10.0.40219.1
Project("{8BC9CEB8-8B4A-11D0-8D11-00A0C91BC942}") = "Bai02", "Bai02\Bai02.vcxproj", "{F0D90936-0E30-476A-A574-C1469C676B20}"
EndProject
Project("{8BC9CEB8-8B4A-11D0-8D11-00A0C91BC942}") = "Bai01", "Bai01\Bai01.vcxproj", "{24E55FF3-28B4-4061-A875-41F4D8D0D035}"
EndProject
Project("{8BC9CEB8-8B4A-11D0-8D11-00A0C91BC942}") = "Bai03", "Bai03\Bai03.vcxproj", "{6C18526F-5F3D-413B-9FCF-E6A7954E55FA}"
EndProject
Project("{8BC9CEB8-8B4A-11D0-8D11-00A0C91BC942}") = "Bai06", "Bai06\Bai06.vcxproj", "{D527CB93-06AE-4807-AA75-22FAFF8DD3AB}"
EndProject
Project("{8BC9CEB8-8B4A-11D0-8D11-00A0C91BC942}") = "Bai04", "Bai04\Bai04.vcxproj", "{2A5F085B-A66D-49D6-9416-8BCDE79FF994}"
EndProject
Project("{8BC9CEB8-8B4A-11D0-8D11-00A0C91BC942}") = "Bai05", "Bai05\Bai05.vcxproj", "{47C4AD25-DA5F-483B-8687-0BF5E82D18A2}"
EndProject
Project("{8BC9CEB8-8B4A-11D0-8D11-00A0C91BC942}") = "Bai07", "Bai07\Bai07.vcxproj", "{FB1236DD-73C4-4BB7-A0F7-26782A18F338}"
EndProject
Global
	GlobalSection(SolutionConfigurationPlatforms) = preSolution
		Debug|x64 = Debug|x64
		Debug|x86 = Debug|x86
		Release|x64 = Release|x64
		Release|x86 = Release|x86
	EndGlobalSection
	GlobalSection(ProjectConfigurationPlatforms) = postSolution
		{F0D90936-0E30-476A-A574-C1469C676B20}.Debug|x64.ActiveCfg = Debug|x64
		{F0D90936-0E30-476A-A574-C1469C676B20}.Debug|x64.Build.0 = Debug|x64
		{F0D90936-0E30-476A-A574-C1469C676B20}.Debug|x86.ActiveCfg = Debug|Win32
		{F0D90936-0E30-476A-A574-C1469C676B20}.Debug|x86.Build.0 = Debug|Win32
		{F0D90936-0E30-476A-A574-C1469C676B20}.Release|x64.ActiveCfg = Release|x64
		{F0D90936-0E30-476A-A574-C1469C676B20}.Release|x64.Build.0 = Release|x64
		{F0D90936-0E30-476A-A574-C1469C676B20}.Release|x86.ActiveCfg = Release|Win32
		{F0D90936-0E30-476A-A574-C1469C676B20}.Release|x86.Build.0 = Release|Win32
		{24E55FF3-28B4-4061-A875-41F4D8D0D035}.Debug|x64.ActiveCfg = Debug|x64
		{24E55FF3-28B4-4061-A875-41F4D8D0D035}.Debug|x64.Build.0 = Debug|x64
		{24E55FF3-28B4-4061-A875-41F4D8D0D035}.Debug|x86.ActiveCfg = Debug|Win32
		{24E55FF3-28B4-4061-A875-41F4D8D0D035}.Debug|x86.Build.0 = Debug|Win32
		{24E55FF3-28B4-4061-A875-41F4D8D0D035}.Release|x64.ActiveCfg = Release|x64
		{24E55FF3-28B4-4061-A875-41F4D8D0D035}.Release|x64.Build.0 = Release|x64
		{24E55FF3-28B4-4061-A875-41F4D8D0D035}.Release|x86.ActiveCfg = Release|Win32
		{24E55FF3-28B4-4061-A875-41F4D8D0D035}.Release|x86.Build.0 = Release|Win32
		{6C18526F-5F3D-413B-9FCF-E6A7954E55FA}.Debug|x64.ActiveCfg = Debug|x64
		{6C18526F-5F3D-413B-9FCF-E6A7954E55FA}.Debug|x64.Build.0 = Debug|x64
		{6C18526F-5F3D-413B-9FCF-E6A7954E55FA}.Debug|x86.ActiveCfg = Debug|Win32
		{6C18526F-5F3D-413B-9FCF-E6A7954E55FA}.Debug|x86.Build.0 = Debug|Win32
		{6C18526F-5F3D-413B-9FCF-E6A7954E55FA}.Release|x64.ActiveCfg = Release|x64
		{6C18526F-5F3D-413B-9FCF-E6A7954E55FA}.Release|x64.Build.0 = Release|x64
		{6C18526F-5F3D-413B-9FCF-E6A7954E55FA}.Release|x86.ActiveCfg = Release|Win32
		{6C18526F-5F3D-413B-9FCF-E6A7954E55FA}.Release|x86.Build.0 = Release|Win32
		{D527CB93-06AE-4807-AA75-22FAFF8DD3AB}.Debug|x64.ActiveCfg = Debug|x64
		{D527CB93-06AE-4807-AA75-22FAFF8DD3AB}.Debug|x64.Build.0 = Debug|x64
		{D527CB93-06AE-4807-AA75-22FAFF8DD3AB}.Debug|x86.ActiveCfg = Debug|Win32
		{D527CB93-06AE-4807-AA75-22FAFF8DD3AB}.Debug|x86.Build.0 = Debug|Win32
		{D527CB93-06AE-4807-AA75-22FAFF8DD3AB}.Release|x64.ActiveCfg = Release|x64
		{D527CB93-06AE-4807-AA75-22FAFF8DD3AB}.Release|x64.Build.0 = Release|x64
		{D527CB93-06AE-4807-AA75-22FAFF8DD3AB}.Release|x86.ActiveCfg = Release|Win32
		{D527CB93-06AE-4807-AA75-22FAFF8DD3AB}.Release|x86.Build.0 = Release|Win32
		{2A5F085B-A66D-49D6-9416-8BCDE79FF994}.Debug|x64.ActiveCfg = Debug|x64
		{2A5F085B-A66D-49D6-9416-8BCDE79FF994}.Debug|x64.Build.0 = Debug|x64
		{2A5F085B-A66D-49D6-9416-8BCDE79FF994}.Debug|x86.ActiveCfg = Debug|Win32
		{2A5F085B-A66D-49D6-9416-8BCDE79FF994}.Debug|x86.Build.0 = Debug|Win32
		{2A5F085B-A66D-49D6-9416-8BCDE79FF994}.Release|x64.ActiveCfg = Release|x64
		{2A5F085B-A66D-49D6-9416-8BCDE79FF994}.Release|x64.Build.0 = Release|x64
		{2A5F085B-A66D-49D6-9416-8BCDE79FF994}.Release|x86.ActiveCfg = Release|Win32
		{2A5F085B-A66D-49D6-9416-8BCDE79FF994}.Release|x86.Build.0 = Release|Win32
		{47C4AD25-DA5F-483B-8687-0BF5E82D18A2}.Debug|x64.ActiveCfg = Debug|x64
		{47C4AD25-DA5F-483B-8687-0BF5E82D18A2}.Debug|x64.Build.0 = Debug|x64
		{47C4AD25-DA5F-483B-8687-0BF5E82D18A2}.Debug|x86.ActiveCfg = Debug|Win32
		{47C4AD25-DA5F-483B-8687-0BF5E82D18A2}.Debug|x86.Build.0 = Debug|Win32
		{47C4AD25-DA5F-483B-8687-0BF5E82D18A2}.Release|x64.ActiveCfg = Release|x64
		{47C4AD25-DA5F-483B-8687-0BF5E82D18A2}.Release|x64.Build.0 = Release|x64
		{47C4AD25-DA5F-483B-8687-0BF5E82D18A2}.Release|x86.ActiveCfg = Release|Win32
		{47C4AD25-DA5F-483B-8687-0BF5E82D18A2}.Release|x86.Build.0 = Release|Win32
		{FB1236DD-73C4-4BB7-A0F7-26782A18F338}.Debug|x64.ActiveCfg = Debug|x64
		{FB1236DD-73C4-4BB7-A0F7-26782A18F338}.Debug|x64.Build.0 = Debug|x64
		{FB1236DD-73C4-4BB7-A0F7-26782A18F338}.Debug|x86.ActiveCfg = Debug|Win32
		{FB1236DD-73C4-4BB7-A0F7-26782A18F338}.Debug|x86.Build.0 = Debug|Win32
		{FB1236DD-73C4-4BB7-A0F7-26782A18F338}.Release|x64.ActiveCfg = Release|x64
		{FB1236DD-73C4-4BB7-A0F7-26782A18F338}.Release|x64.Build.0 = Release|x64
		{FB1236DD-73C4-4BB7-A0F7-26782A18F338}.Release|x86.ActiveCfg = Release|Win32
		{FB1236DD-73C4-4BB7-A0F7-26782A18F338}.Release|x86.Build.0 = Release|Win32
	EndGlobalSection
	GlobalSection(SolutionProperties) = preSolution
		HideSolutionNode = FALSE
	EndGlobalSection
	GlobalSection(ExtensibilityGlobals) = postSolution
		SolutionGuid = {E81248E5-DDD1-418E-888B-87EFCBE8A2B5}
	EndGlobalSection
EndGlobal
